
Microsoft Visual Studio Solution File, Format Version 12.00
# Visual Studio Version 17
VisualStudioVersion = 17.6.33717.318
MinimumVisualStudioVersion = 10.0.40219.1
Project("{FAE04EC0-301F-11D3-BF4B-00C04F79EFBC}") = "MagicVilla_API", "MagicVilla_API\MagicVilla_API.csproj", "{1226447F-05CC-4BE3-AE98-395466809002}"
EndProject
Global
	GlobalSection(SolutionConfigurationPlatforms) = preSolution
		Debug|Any CPU = Debug|Any CPU
		Release|Any CPU = Release|Any CPU
	EndGlobalSection
	GlobalSection(ProjectConfigurationPlatforms) = postSolution
		{1226447F-05CC-4BE3-AE98-395466809002}.Debug|Any CPU.ActiveCfg = Debug|Any CPU
		{1226447F-05CC-4BE3-AE98-395466809002}.Debug|Any CPU.Build.0 = Debug|Any CPU
		{1226447F-05CC-4BE3-AE98-395466809002}.Release|Any CPU.ActiveCfg = Release|Any CPU
		{1226447F-05CC-4BE3-AE98-395466809002}.Release|Any CPU.Build.0 = Release|Any CPU
	EndGlobalSection
	GlobalSection(SolutionProperties) = preSolution
		HideSolutionNode = FALSE
	EndGlobalSection
	GlobalSection(ExtensibilityGlobals) = postSolution
		SolutionGuid = {5B7F069D-B1C9-4FAC-8345-3E93047EB61A}
	EndGlobalSection
EndGlobal
